// !$*UTF8*$!
{
	archiveVersion = 1;
	classes = {
	};
	objectVersion = 55;
	objects = {

/* Begin PBXBuildFile section */
		D1085C3F275C9E1700AC344A /* OTUSHomeWork1App.swift in Sources */ = {isa = PBXBuildFile; fileRef = D1085C3E275C9E1700AC344A /* OTUSHomeWork1App.swift */; };
		D1085C41275C9E1700AC344A /* ContentView.swift in Sources */ = {isa = PBXBuildFile; fileRef = D1085C40275C9E1700AC344A /* ContentView.swift */; };
		D1085C43275C9E1900AC344A /* Assets.xcassets in Resources */ = {isa = PBXBuildFile; fileRef = D1085C42275C9E1900AC344A /* Assets.xcassets */; };
		D1085C46275C9E1900AC344A /* Preview Assets.xcassets in Resources */ = {isa = PBXBuildFile; fileRef = D1085C45275C9E1900AC344A /* Preview Assets.xcassets */; };
		D1085C50275C9E4100AC344A /* HomeView.swift in Sources */ = {isa = PBXBuildFile; fileRef = D1085C4F275C9E4100AC344A /* HomeView.swift */; };
		D1085C59275C9F7500AC344A /* Tab3View.swift in Sources */ = {isa = PBXBuildFile; fileRef = D1085C58275C9F7500AC344A /* Tab3View.swift */; };
		D1085C5B275C9F8200AC344A /* Tab1View.swift in Sources */ = {isa = PBXBuildFile; fileRef = D1085C5A275C9F8200AC344A /* Tab1View.swift */; };
		D1085C5D275C9F8800AC344A /* Tab2View.swift in Sources */ = {isa = PBXBuildFile; fileRef = D1085C5C275C9F8800AC344A /* Tab2View.swift */; };
		D1085C5F275C9FCB00AC344A /* Item.swift in Sources */ = {isa = PBXBuildFile; fileRef = D1085C5E275C9FCB00AC344A /* Item.swift */; };
		D1085C61275CA8D400AC344A /* CustomTextView+UIKit.swift in Sources */ = {isa = PBXBuildFile; fileRef = D1085C60275CA8D400AC344A /* CustomTextView+UIKit.swift */; };
		D1085C66275CDD1A00AC344A /* HomeViewModel.swift in Sources */ = {isa = PBXBuildFile; fileRef = D1085C65275CDD1A00AC344A /* HomeViewModel.swift */; };
/* End PBXBuildFile section */

/* Begin PBXFileReference section */
		D1085C3B275C9E1700AC344A /* OTUSHomeWork1.app */ = {isa = PBXFileReference; explicitFileType = wrapper.application; includeInIndex = 0; path = OTUSHomeWork1.app; sourceTree = BUILT_PRODUCTS_DIR; };
		D1085C3E275C9E1700AC344A /* OTUSHomeWork1App.swift */ = {isa = PBXFileReference; lastKnownFileType = sourcecode.swift; path = OTUSHomeWork1App.swift; sourceTree = "<group>"; };
		D1085C40275C9E1700AC344A /* ContentView.swift */ = {isa = PBXFileReference; lastKnownFileType = sourcecode.swift; path = ContentView.swift; sourceTree = "<group>"; };
		D1085C42275C9E1900AC344A /* Assets.xcassets */ = {isa = PBXFileReference; lastKnownFileType = folder.assetcatalog; path = Assets.xcassets; sourceTree = "<group>"; };
		D1085C45275C9E1900AC344A /* Preview Assets.xcassets */ = {isa = PBXFileReference; lastKnownFileType = folder.assetcatalog; path = "Preview Assets.xcassets"; sourceTree = "<group>"; };
		D1085C4F275C9E4100AC344A /* HomeView.swift */ = {isa = PBXFileReference; lastKnownFileType = sourcecode.swift; path = HomeView.swift; sourceTree = "<group>"; };
		D1085C58275C9F7500AC344A /* Tab3View.swift */ = {isa = PBXFileReference; lastKnownFileType = sourcecode.swift; path = Tab3View.swift; sourceTree = "<group>"; };
		D1085C5A275C9F8200AC344A /* Tab1View.swift */ = {isa = PBXFileReference; lastKnownFileType = sourcecode.swift; path = Tab1View.swift; sourceTree = "<group>"; };
		D1085C5C275C9F8800AC344A /* Tab2View.swift */ = {isa = PBXFileReference; lastKnownFileType = sourcecode.swift; path = Tab2View.swift; sourceTree = "<group>"; };
		D1085C5E275C9FCB00AC344A /* Item.swift */ = {isa = PBXFileReference; lastKnownFileType = sourcecode.swift; path = Item.swift; sourceTree = "<group>"; };
		D1085C60275CA8D400AC344A /* CustomTextView+UIKit.swift */ = {isa = PBXFileReference; lastKnownFileType = sourcecode.swift; path = "CustomTextView+UIKit.swift"; sourceTree = "<group>"; };
		D1085C65275CDD1A00AC344A /* HomeViewModel.swift */ = {isa = PBXFileReference; lastKnownFileType = sourcecode.swift; path = HomeViewModel.swift; sourceTree = "<group>"; };
/* End PBXFileReference section */

/* Begin PBXFrameworksBuildPhase section */
		D1085C38275C9E1700AC344A /* Frameworks */ = {
			isa = PBXFrameworksBuildPhase;
			buildActionMask = 2147483647;
			files = (
			);
			runOnlyForDeploymentPostprocessing = 0;
		};
/* End PBXFrameworksBuildPhase section */

/* Begin PBXGroup section */
		D1085C32275C9E1700AC344A = {
			isa = PBXGroup;
			children = (
				D1085C3D275C9E1700AC344A /* OTUSHomeWork1 */,
				D1085C3C275C9E1700AC344A /* Products */,
			);
			sourceTree = "<group>";
		};
		D1085C3C275C9E1700AC344A /* Products */ = {
			isa = PBXGroup;
			children = (
				D1085C3B275C9E1700AC344A /* OTUSHomeWork1.app */,
			);
			name = Products;
			sourceTree = "<group>";
		};
		D1085C3D275C9E1700AC344A /* OTUSHomeWork1 */ = {
			isa = PBXGroup;
			children = (
				D1085C4E275C9E2C00AC344A /* ViewModel */,
				D1085C4D275C9E2800AC344A /* Model */,
				D1085C4C275C9E2400AC344A /* View */,
				D1085C3E275C9E1700AC344A /* OTUSHomeWork1App.swift */,
				D1085C40275C9E1700AC344A /* ContentView.swift */,
				D1085C42275C9E1900AC344A /* Assets.xcassets */,
				D1085C44275C9E1900AC344A /* Preview Content */,
			);
			path = OTUSHomeWork1;
			sourceTree = "<group>";
		};
		D1085C44275C9E1900AC344A /* Preview Content */ = {
			isa = PBXGroup;
			children = (
				D1085C45275C9E1900AC344A /* Preview Assets.xcassets */,
			);
			path = "Preview Content";
			sourceTree = "<group>";
		};
		D1085C4C275C9E2400AC344A /* View */ = {
			isa = PBXGroup;
			children = (
				D1085C53275C9EA100AC344A /* Tabs */,
				D1085C4F275C9E4100AC344A /* HomeView.swift */,
				D1085C60275CA8D400AC344A /* CustomTextView+UIKit.swift */,
			);
			path = View;
			sourceTree = "<group>";
		};
		D1085C4D275C9E2800AC344A /* Model */ = {
			isa = PBXGroup;
			children = (
				D1085C5E275C9FCB00AC344A /* Item.swift */,
			);
			path = Model;
			sourceTree = "<group>";
		};
		D1085C4E275C9E2C00AC344A /* ViewModel */ = {
			isa = PBXGroup;
			children = (
				D1085C65275CDD1A00AC344A /* HomeViewModel.swift */,
			);
			path = ViewModel;
			sourceTree = "<group>";
		};
		D1085C53275C9EA100AC344A /* Tabs */ = {
			isa = PBXGroup;
			children = (
				D1085C5A275C9F8200AC344A /* Tab1View.swift */,
				D1085C5C275C9F8800AC344A /* Tab2View.swift */,
				D1085C58275C9F7500AC344A /* Tab3View.swift */,
			);
			path = Tabs;
			sourceTree = "<group>";
		};
/* End PBXGroup section */

/* Begin PBXNativeTarget section */
		D1085C3A275C9E1700AC344A /* OTUSHomeWork1 */ = {
			isa = PBXNativeTarget;
			buildConfigurationList = D1085C49275C9E1900AC344A /* Build configuration list for PBXNativeTarget "OTUSHomeWork1" */;
			buildPhases = (
				D1085C37275C9E1700AC344A /* Sources */,
				D1085C38275C9E1700AC344A /* Frameworks */,
				D1085C39275C9E1700AC344A /* Resources */,
			);
			buildRules = (
			);
			dependencies = (
			);
			name = OTUSHomeWork1;
			productName = OTUSHomeWork1;
			productReference = D1085C3B275C9E1700AC344A /* OTUSHomeWork1.app */;
			productType = "com.apple.product-type.application";
		};
/* End PBXNativeTarget section */

/* Begin PBXProject section */
		D1085C33275C9E1700AC344A /* Project object */ = {
			isa = PBXProject;
			attributes = {
				BuildIndependentTargetsInParallel = 1;
				LastSwiftUpdateCheck = 1310;
				LastUpgradeCheck = 1310;
				TargetAttributes = {
					D1085C3A275C9E1700AC344A = {
						CreatedOnToolsVersion = 13.1;
					};
				};
			};
			buildConfigurationList = D1085C36275C9E1700AC344A /* Build configuration list for PBXProject "OTUSHomeWork1" */;
			compatibilityVersion = "Xcode 13.0";
			developmentRegion = en;
			hasScannedForEncodings = 0;
			knownRegions = (
				en,
				Base,
			);
			mainGroup = D1085C32275C9E1700AC344A;
			productRefGroup = D1085C3C275C9E1700AC344A /* Products */;
			projectDirPath = "";
			projectRoot = "";
			targets = (
				D1085C3A275C9E1700AC344A /* OTUSHomeWork1 */,
			);
		};
/* End PBXProject section */

/* Begin PBXResourcesBuildPhase section */
		D1085C39275C9E1700AC344A /* Resources */ = {
			isa = PBXResourcesBuildPhase;
			buildActionMask = 2147483647;
			files = (
				D1085C46275C9E1900AC344A /* Preview Assets.xcassets in Resources */,
				D1085C43275C9E1900AC344A /* Assets.xcassets in Resources */,
			);
			runOnlyForDeploymentPostprocessing = 0;
		};
/* End PBXResourcesBuildPhase section */

/* Begin PBXSourcesBuildPhase section */
		D1085C37275C9E1700AC344A /* Sources */ = {
			isa = PBXSourcesBuildPhase;
			buildActionMask = 2147483647;
			files = (
				D1085C5B275C9F8200AC344A /* Tab1View.swift in Sources */,
				D1085C66275CDD1A00AC344A /* HomeViewModel.swift in Sources */,
				D1085C61275CA8D400AC344A /* CustomTextView+UIKit.swift in Sources */,
				D1085C50275C9E4100AC344A /* HomeView.swift in Sources */,
				D1085C59275C9F7500AC344A /* Tab3View.swift in Sources */,
				D1085C5D275C9F8800AC344A /* Tab2View.swift in Sources */,
				D1085C5F275C9FCB00AC344A /* Item.swift in Sources */,
				D1085C41275C9E1700AC344A /* ContentView.swift in Sources */,
				D1085C3F275C9E1700AC344A /* OTUSHomeWork1App.swift in Sources */,
			);
			runOnlyForDeploymentPostprocessing = 0;
		};
/* End PBXSourcesBuildPhase section */

/* Begin XCBuildConfiguration section */
		D1085C47275C9E1900AC344A /* Debug */ = {
			isa = XCBuildConfiguration;
			buildSettings = {
				ALWAYS_SEARCH_USER_PATHS = NO;
				CLANG_ANALYZER_NONNULL = YES;
				CLANG_ANALYZER_NUMBER_OBJECT_CONVERSION = YES_AGGRESSIVE;
				CLANG_CXX_LANGUAGE_STANDARD = "gnu++17";
				CLANG_CXX_LIBRARY = "libc++";
				CLANG_ENABLE_MODULES = YES;
				CLANG_ENABLE_OBJC_ARC = YES;
				CLANG_ENABLE_OBJC_WEAK = YES;
				CLANG_WARN_BLOCK_CAPTURE_AUTORELEASING = YES;
				CLANG_WARN_BOOL_CONVERSION = YES;
				CLANG_WARN_COMMA = YES;
				CLANG_WARN_CONSTANT_CONVERSION = YES;
				CLANG_WARN_DEPRECATED_OBJC_IMPLEMENTATIONS = YES;
				CLANG_WARN_DIRECT_OBJC_ISA_USAGE = YES_ERROR;
				CLANG_WARN_DOCUMENTATION_COMMENTS = YES;
				CLANG_WARN_EMPTY_BODY = YES;
				CLANG_WARN_ENUM_CONVERSION = YES;
				CLANG_WARN_INFINITE_RECURSION = YES;
				CLANG_WARN_INT_CONVERSION = YES;
				CLANG_WARN_NON_LITERAL_NULL_CONVERSION = YES;
				CLANG_WARN_OBJC_IMPLICIT_RETAIN_SELF = YES;
				CLANG_WARN_OBJC_LITERAL_CONVERSION = YES;
				CLANG_WARN_OBJC_ROOT_CLASS = YES_ERROR;
				CLANG_WARN_QUOTED_INCLUDE_IN_FRAMEWORK_HEADER = YES;
				CLANG_WARN_RANGE_LOOP_ANALYSIS = YES;
				CLANG_WARN_STRICT_PROTOTYPES = YES;
				CLANG_WARN_SUSPICIOUS_MOVE = YES;
				CLANG_WARN_UNGUARDED_AVAILABILITY = YES_AGGRESSIVE;
				CLANG_WARN_UNREACHABLE_CODE = YES;
				CLANG_WARN__DUPLICATE_METHOD_MATCH = YES;
				COPY_PHASE_STRIP = NO;
				DEBUG_INFORMATION_FORMAT = dwarf;
				ENABLE_STRICT_OBJC_MSGSEND = YES;
				ENABLE_TESTABILITY = YES;
				GCC_C_LANGUAGE_STANDARD = gnu11;
				GCC_DYNAMIC_NO_PIC = NO;
				GCC_NO_COMMON_BLOCKS = YES;
				GCC_OPTIMIZATION_LEVEL = 0;
				GCC_PREPROCESSOR_DEFINITIONS = (
					"DEBUG=1",
					"$(inherited)",
				);
				GCC_WARN_64_TO_32_BIT_CONVERSION = YES;
				GCC_WARN_ABOUT_RETURN_TYPE = YES_ERROR;
				GCC_WARN_UNDECLARED_SELECTOR = YES;
				GCC_WARN_UNINITIALIZED_AUTOS = YES_AGGRESSIVE;
				GCC_WARN_UNUSED_FUNCTION = YES;
				GCC_WARN_UNUSED_VARIABLE = YES;
				IPHONEOS_DEPLOYMENT_TARGET = 15.0;
				MTL_ENABLE_DEBUG_INFO = INCLUDE_SOURCE;
				MTL_FAST_MATH = YES;
				ONLY_ACTIVE_ARCH = YES;
				SDKROOT = iphoneos;
				SWIFT_ACTIVE_COMPILATION_CONDITIONS = DEBUG;
				SWIFT_OPTIMIZATION_LEVEL = "-Onone";
			};
			name = Debug;
		};
		D1085C48275C9E1900AC344A /* Release */ = {
			isa = XCBuildConfiguration;
			buildSettings = {
				ALWAYS_SEARCH_USER_PATHS = NO;
				CLANG_ANALYZER_NONNULL = YES;
				CLANG_ANALYZER_NUMBER_OBJECT_CONVERSION = YES_AGGRESSIVE;
				CLANG_CXX_LANGUAGE_STANDARD = "gnu++17";
				CLANG_CXX_LIBRARY = "libc++";
				CLANG_ENABLE_MODULES = YES;
				CLANG_ENABLE_OBJC_ARC = YES;
				CLANG_ENABLE_OBJC_WEAK = YES;
				CLANG_WARN_BLOCK_CAPTURE_AUTORELEASING = YES;
				CLANG_WARN_BOOL_CONVERSION = YES;
				CLANG_WARN_COMMA = YES;
				CLANG_WARN_CONSTANT_CONVERSION = YES;
				CLANG_WARN_DEPRECATED_OBJC_IMPLEMENTATIONS = YES;
				CLANG_WARN_DIRECT_OBJC_ISA_USAGE = YES_ERROR;
				CLANG_WARN_DOCUMENTATION_COMMENTS = YES;
				CLANG_WARN_EMPTY_BODY = YES;
				CLANG_WARN_ENUM_CONVERSION = YES;
				CLANG_WARN_INFINITE_RECURSION = YES;
				CLANG_WARN_INT_CONVERSION = YES;
				CLANG_WARN_NON_LITERAL_NULL_CONVERSION = YES;
				CLANG_WARN_OBJC_IMPLICIT_RETAIN_SELF = YES;
				CLANG_WARN_OBJC_LITERAL_CONVERSION = YES;
				CLANG_WARN_OBJC_ROOT_CLASS = YES_ERROR;
				CLANG_WARN_QUOTED_INCLUDE_IN_FRAMEWORK_HEADER = YES;
				CLANG_WARN_RANGE_LOOP_ANALYSIS = YES;
				CLANG_WARN_STRICT_PROTOTYPES = YES;
				CLANG_WARN_SUSPICIOUS_MOVE = YES;
				CLANG_WARN_UNGUARDED_AVAILABILITY = YES_AGGRESSIVE;
				CLANG_WARN_UNREACHABLE_CODE = YES;
				CLANG_WARN__DUPLICATE_METHOD_MATCH = YES;
				COPY_PHASE_STRIP = NO;
				DEBUG_INFORMATION_FORMAT = "dwarf-with-dsym";
				ENABLE_NS_ASSERTIONS = NO;
				ENABLE_STRICT_OBJC_MSGSEND = YES;
				GCC_C_LANGUAGE_STANDARD = gnu11;
				GCC_NO_COMMON_BLOCKS = YES;
				GCC_WARN_64_TO_32_BIT_CONVERSION = YES;
				GCC_WARN_ABOUT_RETURN_TYPE = YES_ERROR;
				GCC_WARN_UNDECLARED_SELECTOR = YES;
				GCC_WARN_UNINITIALIZED_AUTOS = YES_AGGRESSIVE;
				GCC_WARN_UNUSED_FUNCTION = YES;
				GCC_WARN_UNUSED_VARIABLE = YES;
				IPHONEOS_DEPLOYMENT_TARGET = 15.0;
				MTL_ENABLE_DEBUG_INFO = NO;
				MTL_FAST_MATH = YES;
				SDKROOT = iphoneos;
				SWIFT_COMPILATION_MODE = wholemodule;
				SWIFT_OPTIMIZATION_LEVEL = "-O";
				VALIDATE_PRODUCT = YES;
			};
			name = Release;
		};
		D1085C4A275C9E1900AC344A /* Debug */ = {
			isa = XCBuildConfiguration;
			buildSettings = {
				ASSETCATALOG_COMPILER_APPICON_NAME = AppIcon;
				ASSETCATALOG_COMPILER_GLOBAL_ACCENT_COLOR_NAME = AccentColor;
				CODE_SIGN_STYLE = Automatic;
				CURRENT_PROJECT_VERSION = 1;
				DEVELOPMENT_ASSET_PATHS = "\"OTUSHomeWork1/Preview Content\"";
				DEVELOPMENT_TEAM = B62KKHJ7CU;
				ENABLE_PREVIEWS = YES;
				GENERATE_INFOPLIST_FILE = YES;
				INFOPLIST_KEY_UIApplicationSceneManifest_Generation = YES;
				INFOPLIST_KEY_UIApplicationSupportsIndirectInputEvents = YES;
				INFOPLIST_KEY_UILaunchScreen_Generation = YES;
				INFOPLIST_KEY_UISupportedInterfaceOrientations_iPad = "UIInterfaceOrientationPortrait UIInterfaceOrientationPortraitUpsideDown UIInterfaceOrientationLandscapeLeft UIInterfaceOrientationLandscapeRight";
				INFOPLIST_KEY_UISupportedInterfaceOrientations_iPhone = "UIInterfaceOrientationPortrait UIInterfaceOrientationLandscapeLeft UIInterfaceOrientationLandscapeRight";
				LD_RUNPATH_SEARCH_PATHS = (
					"$(inherited)",
					"@executable_path/Frameworks",
				);
				MARKETING_VERSION = 1.0;
				PRODUCT_BUNDLE_IDENTIFIER = ru.DIMDev.OTUSHomeWork1;
				PRODUCT_NAME = "$(TARGET_NAME)";
				SWIFT_EMIT_LOC_STRINGS = YES;
				SWIFT_VERSION = 5.0;
				TARGETED_DEVICE_FAMILY = "1,2";
			};
			name = Debug;
		};
		D1085C4B275C9E1900AC344A /* Release */ = {
			isa = XCBuildConfiguration;
			buildSettings = {
				ASSETCATALOG_COMPILER_APPICON_NAME = AppIcon;
				ASSETCATALOG_COMPILER_GLOBAL_ACCENT_COLOR_NAME = AccentColor;
				CODE_SIGN_STYLE = Automatic;
				CURRENT_PROJECT_VERSION = 1;
				DEVELOPMENT_ASSET_PATHS = "\"OTUSHomeWork1/Preview Content\"";
				DEVELOPMENT_TEAM = B62KKHJ7CU;
				ENABLE_PREVIEWS = YES;
				GENERATE_INFOPLIST_FILE = YES;
				INFOPLIST_KEY_UIApplicationSceneManifest_Generation = YES;
				INFOPLIST_KEY_UIApplicationSupportsIndirectInputEvents = YES;
				INFOPLIST_KEY_UILaunchScreen_Generation = YES;
				INFOPLIST_KEY_UISupportedInterfaceOrientations_iPad = "UIInterfaceOrientationPortrait UIInterfaceOrientationPortraitUpsideDown UIInterfaceOrientationLandscapeLeft UIInterfaceOrientationLandscapeRight";
				INFOPLIST_KEY_UISupportedInterfaceOrientations_iPhone = "UIInterfaceOrientationPortrait UIInterfaceOrientationLandscapeLeft UIInterfaceOrientationLandscapeRight";
				LD_RUNPATH_SEARCH_PATHS = (
					"$(inherited)",
					"@executable_path/Frameworks",
				);
				MARKETING_VERSION = 1.0;
				PRODUCT_BUNDLE_IDENTIFIER = ru.DIMDev.OTUSHomeWork1;
				PRODUCT_NAME = "$(TARGET_NAME)";
				SWIFT_EMIT_LOC_STRINGS = YES;
				SWIFT_VERSION = 5.0;
				TARGETED_DEVICE_FAMILY = "1,2";
			};
			name = Release;
		};
/* End XCBuildConfiguration section */

/* Begin XCConfigurationList section */
		D1085C36275C9E1700AC344A /* Build configuration list for PBXProject "OTUSHomeWork1" */ = {
			isa = XCConfigurationList;
			buildConfigurations = (
				D1085C47275C9E1900AC344A /* Debug */,
				D1085C48275C9E1900AC344A /* Release */,
			);
			defaultConfigurationIsVisible = 0;
			defaultConfigurationName = Release;
		};
		D1085C49275C9E1900AC344A /* Build configuration list for PBXNativeTarget "OTUSHomeWork1" */ = {
			isa = XCConfigurationList;
			buildConfigurations = (
				D1085C4A275C9E1900AC344A /* Debug */,
				D1085C4B275C9E1900AC344A /* Release */,
			);
			defaultConfigurationIsVisible = 0;
			defaultConfigurationName = Release;
		};
/* End XCConfigurationList section */
	};
	rootObject = D1085C33275C9E1700AC344A /* Project object */;
}
